
Microsoft Visual Studio Solution File, Format Version 12.00
# Visual Studio Version 16
VisualStudioVersion = 16.0.29503.13
MinimumVisualStudioVersion = 10.0.40219.1
Project("{8BC9CEB8-8B4A-11D0-8D11-00A0C91BC942}") = "TrianglePPExample", "TrianglePPExample.vcxproj", "{7E3CC0D5-00CD-4608-B840-1B13E16EDC94}"
EndProject
Global
	GlobalSection(SolutionConfigurationPlatforms) = preSolution
		Debug|x64 = Debug|x64
		Debug|x86 = Debug|x86
		Release|x64 = Release|x64
		Release|x86 = Release|x86
	EndGlobalSection
	GlobalSection(ProjectConfigurationPlatforms) = postSolution
		{7E3CC0D5-00CD-4608-B840-1B13E16EDC94}.Debug|x64.ActiveCfg = Debug|x64
		{7E3CC0D5-00CD-4608-B840-1B13E16EDC94}.Debug|x64.Build.0 = Debug|x64
		{7E3CC0D5-00CD-4608-B840-1B13E16EDC94}.Debug|x86.ActiveCfg = Debug|Win32
		{7E3CC0D5-00CD-4608-B840-1B13E16EDC94}.Debug|x86.Build.0 = Debug|Win32
		{7E3CC0D5-00CD-4608-B840-1B13E16EDC94}.Release|x64.ActiveCfg = Release|x64
		{7E3CC0D5-00CD-4608-B840-1B13E16EDC94}.Release|x64.Build.0 = Release|x64
		{7E3CC0D5-00CD-4608-B840-1B13E16EDC94}.Release|x86.ActiveCfg = Release|Win32
		{7E3CC0D5-00CD-4608-B840-1B13E16EDC94}.Release|x86.Build.0 = Release|Win32
	EndGlobalSection
	GlobalSection(SolutionProperties) = preSolution
		HideSolutionNode = FALSE
	EndGlobalSection
	GlobalSection(ExtensibilityGlobals) = postSolution
		SolutionGuid = {2FFF1472-E390-4EC7-AA57-173F9A71A977}
	EndGlobalSection
EndGlobal
